
Microsoft Visual Studio Solution File, Format Version 12.00
# Visual Studio Version 17
VisualStudioVersion = 17.12.35707.178 d17.12
MinimumVisualStudioVersion = 10.0.40219.1
Project("{FAE04EC0-301F-11D3-BF4B-00C04F79EFBC}") = "Numbersystem", "Numbersystem\Numbersystem.csproj", "{385B4973-1870-4263-A25C-7F97B168C014}"
EndProject
Project("{FAE04EC0-301F-11D3-BF4B-00C04F79EFBC}") = "NumberTest", "NumberTest\NumberTest.csproj", "{3193DACE-8C92-4508-85A3-E11A451AC248}"
EndProject
Global
	GlobalSection(SolutionConfigurationPlatforms) = preSolution
		Debug|Any CPU = Debug|Any CPU
		Release|Any CPU = Release|Any CPU
	EndGlobalSection
	GlobalSection(ProjectConfigurationPlatforms) = postSolution
		{385B4973-1870-4263-A25C-7F97B168C014}.Debug|Any CPU.ActiveCfg = Debug|Any CPU
		{385B4973-1870-4263-A25C-7F97B168C014}.Debug|Any CPU.Build.0 = Debug|Any CPU
		{385B4973-1870-4263-A25C-7F97B168C014}.Release|Any CPU.ActiveCfg = Release|Any CPU
		{385B4973-1870-4263-A25C-7F97B168C014}.Release|Any CPU.Build.0 = Release|Any CPU
		{3193DACE-8C92-4508-85A3-E11A451AC248}.Debug|Any CPU.ActiveCfg = Debug|Any CPU
		{3193DACE-8C92-4508-85A3-E11A451AC248}.Debug|Any CPU.Build.0 = Debug|Any CPU
		{3193DACE-8C92-4508-85A3-E11A451AC248}.Release|Any CPU.ActiveCfg = Release|Any CPU
		{3193DACE-8C92-4508-85A3-E11A451AC248}.Release|Any CPU.Build.0 = Release|Any CPU
	EndGlobalSection
	GlobalSection(SolutionProperties) = preSolution
		HideSolutionNode = FALSE
	EndGlobalSection
EndGlobal
