
Microsoft Visual Studio Solution File, Format Version 12.00
# Visual Studio Version 17
VisualStudioVersion = 17.12.35707.178 d17.12
MinimumVisualStudioVersion = 10.0.40219.1
Project("{FAE04EC0-301F-11D3-BF4B-00C04F79EFBC}") = "Temperature", "Temperature\Temperature.csproj", "{FF296184-C365-4EEA-AA89-890C7CF62816}"
EndProject
Project("{FAE04EC0-301F-11D3-BF4B-00C04F79EFBC}") = "Testing", "Testing\Testing.csproj", "{B0F35FD4-C509-49ED-A000-5E3021A0E455}"
EndProject
Global
	GlobalSection(SolutionConfigurationPlatforms) = preSolution
		Debug|Any CPU = Debug|Any CPU
		Release|Any CPU = Release|Any CPU
	EndGlobalSection
	GlobalSection(ProjectConfigurationPlatforms) = postSolution
		{FF296184-C365-4EEA-AA89-890C7CF62816}.Debug|Any CPU.ActiveCfg = Debug|Any CPU
		{FF296184-C365-4EEA-AA89-890C7CF62816}.Debug|Any CPU.Build.0 = Debug|Any CPU
		{FF296184-C365-4EEA-AA89-890C7CF62816}.Release|Any CPU.ActiveCfg = Release|Any CPU
		{FF296184-C365-4EEA-AA89-890C7CF62816}.Release|Any CPU.Build.0 = Release|Any CPU
		{B0F35FD4-C509-49ED-A000-5E3021A0E455}.Debug|Any CPU.ActiveCfg = Debug|Any CPU
		{B0F35FD4-C509-49ED-A000-5E3021A0E455}.Debug|Any CPU.Build.0 = Debug|Any CPU
		{B0F35FD4-C509-49ED-A000-5E3021A0E455}.Release|Any CPU.ActiveCfg = Release|Any CPU
		{B0F35FD4-C509-49ED-A000-5E3021A0E455}.Release|Any CPU.Build.0 = Release|Any CPU
	EndGlobalSection
	GlobalSection(SolutionProperties) = preSolution
		HideSolutionNode = FALSE
	EndGlobalSection
EndGlobal
