
Microsoft Visual Studio Solution File, Format Version 12.00
# Visual Studio Version 17
VisualStudioVersion = 17.12.35707.178 d17.12
MinimumVisualStudioVersion = 10.0.40219.1
Project("{FAE04EC0-301F-11D3-BF4B-00C04F79EFBC}") = "Performance", "Performance\Performance.csproj", "{5C51386D-7F64-4F66-B573-9B872B8ED396}"
EndProject
Project("{FAE04EC0-301F-11D3-BF4B-00C04F79EFBC}") = "Testing", "Testing\Testing.csproj", "{6BEFE24D-7CA7-4C50-A1FE-5AF7572E815F}"
EndProject
Global
	GlobalSection(SolutionConfigurationPlatforms) = preSolution
		Debug|Any CPU = Debug|Any CPU
		Release|Any CPU = Release|Any CPU
	EndGlobalSection
	GlobalSection(ProjectConfigurationPlatforms) = postSolution
		{5C51386D-7F64-4F66-B573-9B872B8ED396}.Debug|Any CPU.ActiveCfg = Debug|Any CPU
		{5C51386D-7F64-4F66-B573-9B872B8ED396}.Debug|Any CPU.Build.0 = Debug|Any CPU
		{5C51386D-7F64-4F66-B573-9B872B8ED396}.Release|Any CPU.ActiveCfg = Release|Any CPU
		{5C51386D-7F64-4F66-B573-9B872B8ED396}.Release|Any CPU.Build.0 = Release|Any CPU
		{6BEFE24D-7CA7-4C50-A1FE-5AF7572E815F}.Debug|Any CPU.ActiveCfg = Debug|Any CPU
		{6BEFE24D-7CA7-4C50-A1FE-5AF7572E815F}.Debug|Any CPU.Build.0 = Debug|Any CPU
		{6BEFE24D-7CA7-4C50-A1FE-5AF7572E815F}.Release|Any CPU.ActiveCfg = Release|Any CPU
		{6BEFE24D-7CA7-4C50-A1FE-5AF7572E815F}.Release|Any CPU.Build.0 = Release|Any CPU
	EndGlobalSection
	GlobalSection(SolutionProperties) = preSolution
		HideSolutionNode = FALSE
	EndGlobalSection
EndGlobal
