
Microsoft Visual Studio Solution File, Format Version 12.00
# Visual Studio Version 17
VisualStudioVersion = 17.12.35707.178 d17.12
MinimumVisualStudioVersion = 10.0.40219.1
Project("{FAE04EC0-301F-11D3-BF4B-00C04F79EFBC}") = "Date", "Date\Date.csproj", "{EF8A5E22-DFA1-4E07-8159-6FE54520FD8E}"
EndProject
Project("{FAE04EC0-301F-11D3-BF4B-00C04F79EFBC}") = "Testing", "Testing\Testing.csproj", "{1FC88A1B-83BF-43AB-B84C-5956F5CBF45D}"
EndProject
Global
	GlobalSection(SolutionConfigurationPlatforms) = preSolution
		Debug|Any CPU = Debug|Any CPU
		Release|Any CPU = Release|Any CPU
	EndGlobalSection
	GlobalSection(ProjectConfigurationPlatforms) = postSolution
		{EF8A5E22-DFA1-4E07-8159-6FE54520FD8E}.Debug|Any CPU.ActiveCfg = Debug|Any CPU
		{EF8A5E22-DFA1-4E07-8159-6FE54520FD8E}.Debug|Any CPU.Build.0 = Debug|Any CPU
		{EF8A5E22-DFA1-4E07-8159-6FE54520FD8E}.Release|Any CPU.ActiveCfg = Release|Any CPU
		{EF8A5E22-DFA1-4E07-8159-6FE54520FD8E}.Release|Any CPU.Build.0 = Release|Any CPU
		{1FC88A1B-83BF-43AB-B84C-5956F5CBF45D}.Debug|Any CPU.ActiveCfg = Debug|Any CPU
		{1FC88A1B-83BF-43AB-B84C-5956F5CBF45D}.Debug|Any CPU.Build.0 = Debug|Any CPU
		{1FC88A1B-83BF-43AB-B84C-5956F5CBF45D}.Release|Any CPU.ActiveCfg = Release|Any CPU
		{1FC88A1B-83BF-43AB-B84C-5956F5CBF45D}.Release|Any CPU.Build.0 = Release|Any CPU
	EndGlobalSection
	GlobalSection(SolutionProperties) = preSolution
		HideSolutionNode = FALSE
	EndGlobalSection
EndGlobal
